
Microsoft Visual Studio Solution File, Format Version 12.00
# Visual Studio Version 17
VisualStudioVersion = 17.10.34916.146
MinimumVisualStudioVersion = 10.0.40219.1
Project("{FAE04EC0-301F-11D3-BF4B-00C04F79EFBC}") = "GameOfLife", "GameOfLife\GameOfLife.csproj", "{A5D18114-A008-4540-9C5F-EDAFFAB447C5}"
EndProject
Project("{FAE04EC0-301F-11D3-BF4B-00C04F79EFBC}") = "GameOfLifeUI", "GameOfLifeUI\GameOfLifeUI.csproj", "{AC04F608-B93F-4FE0-90F9-D77F2C1ABFDA}"
	ProjectSection(ProjectDependencies) = postProject
		{A5D18114-A008-4540-9C5F-EDAFFAB447C5} = {A5D18114-A008-4540-9C5F-EDAFFAB447C5}
	EndProjectSection
EndProject
Global
	GlobalSection(SolutionConfigurationPlatforms) = preSolution
		Debug|Any CPU = Debug|Any CPU
		Release|Any CPU = Release|Any CPU
	EndGlobalSection
	GlobalSection(ProjectConfigurationPlatforms) = postSolution
		{A5D18114-A008-4540-9C5F-EDAFFAB447C5}.Debug|Any CPU.ActiveCfg = Debug|Any CPU
		{A5D18114-A008-4540-9C5F-EDAFFAB447C5}.Debug|Any CPU.Build.0 = Debug|Any CPU
		{A5D18114-A008-4540-9C5F-EDAFFAB447C5}.Release|Any CPU.ActiveCfg = Release|Any CPU
		{A5D18114-A008-4540-9C5F-EDAFFAB447C5}.Release|Any CPU.Build.0 = Release|Any CPU
		{AC04F608-B93F-4FE0-90F9-D77F2C1ABFDA}.Debug|Any CPU.ActiveCfg = Debug|Any CPU
		{AC04F608-B93F-4FE0-90F9-D77F2C1ABFDA}.Debug|Any CPU.Build.0 = Debug|Any CPU
		{AC04F608-B93F-4FE0-90F9-D77F2C1ABFDA}.Release|Any CPU.ActiveCfg = Release|Any CPU
		{AC04F608-B93F-4FE0-90F9-D77F2C1ABFDA}.Release|Any CPU.Build.0 = Release|Any CPU
	EndGlobalSection
	GlobalSection(SolutionProperties) = preSolution
		HideSolutionNode = FALSE
	EndGlobalSection
	GlobalSection(ExtensibilityGlobals) = postSolution
		SolutionGuid = {8308B3E0-B2D4-4FF1-AB32-604218A1C7F0}
	EndGlobalSection
EndGlobal
